// !$*UTF8*$!
{
	archiveVersion = 1;
	classes = {
	};
	objectVersion = 48;
	objects = {

/* Begin PBXBuildFile section */
		4B136044206E7EB30050F496 /* DoneItemsRepository.swift in Sources */ = {isa = PBXBuildFile; fileRef = 4B136043206E7EB30050F496 /* DoneItemsRepository.swift */; };
		4B136046206E7EBD0050F496 /* DoneItemModel.swift in Sources */ = {isa = PBXBuildFile; fileRef = 4B136045206E7EBD0050F496 /* DoneItemModel.swift */; };
		4B136049206E7F340050F496 /* DoneItemModelTests.swift in Sources */ = {isa = PBXBuildFile; fileRef = 4B136048206E7F340050F496 /* DoneItemModelTests.swift */; };
		4B13604D206E82CA0050F496 /* DoneItemsRepositoryTests.swift in Sources */ = {isa = PBXBuildFile; fileRef = 4B13604C206E82CA0050F496 /* DoneItemsRepositoryTests.swift */; };
		4B136052206E84160050F496 /* TestHelper.swift in Sources */ = {isa = PBXBuildFile; fileRef = 4B136051206E84160050F496 /* TestHelper.swift */; };
		4B136054206E8AAB0050F496 /* Logger.swift in Sources */ = {isa = PBXBuildFile; fileRef = 4B136053206E8AAB0050F496 /* Logger.swift */; };
		4B4FE2582061CA0000A53813 /* Tracker.swift in Sources */ = {isa = PBXBuildFile; fileRef = 4B4FE2572061CA0000A53813 /* Tracker.swift */; };
		4B713AF9205FEB4300F16A10 /* AppDelegate.swift in Sources */ = {isa = PBXBuildFile; fileRef = 4B713AF8205FEB4300F16A10 /* AppDelegate.swift */; };
		4B713AFB205FEB4300F16A10 /* ViewController.swift in Sources */ = {isa = PBXBuildFile; fileRef = 4B713AFA205FEB4300F16A10 /* ViewController.swift */; };
		4B713AFE205FEB4300F16A10 /* Main.storyboard in Resources */ = {isa = PBXBuildFile; fileRef = 4B713AFC205FEB4300F16A10 /* Main.storyboard */; };
		4B713B00205FEB4300F16A10 /* Assets.xcassets in Resources */ = {isa = PBXBuildFile; fileRef = 4B713AFF205FEB4300F16A10 /* Assets.xcassets */; };
		4B713B03205FEB4300F16A10 /* LaunchScreen.storyboard in Resources */ = {isa = PBXBuildFile; fileRef = 4B713B01205FEB4300F16A10 /* LaunchScreen.storyboard */; };
		4B713B19205FEB4300F16A10 /* DoneListUITests.swift in Sources */ = {isa = PBXBuildFile; fileRef = 4B713B18205FEB4300F16A10 /* DoneListUITests.swift */; };
		5D6808B441A25B212F33FAD9 /* Pods_DoneListTests.framework in Frameworks */ = {isa = PBXBuildFile; fileRef = 8CB6B02D7E0FE7C7660DD542 /* Pods_DoneListTests.framework */; };
		60F045D41CECD71428DF54F6 /* Pods_DoneList.framework in Frameworks */ = {isa = PBXBuildFile; fileRef = 6DCC0C63A83C2AC346BBB6C9 /* Pods_DoneList.framework */; };
		ED361F090EE9017030952520 /* Pods_DoneListUITests.framework in Frameworks */ = {isa = PBXBuildFile; fileRef = 153EC55AFD10B2B00D2FAAC4 /* Pods_DoneListUITests.framework */; };
/* End PBXBuildFile section */

/* Begin PBXContainerItemProxy section */
		4B713B0A205FEB4300F16A10 /* PBXContainerItemProxy */ = {
			isa = PBXContainerItemProxy;
			containerPortal = 4B713AED205FEB4300F16A10 /* Project object */;
			proxyType = 1;
			remoteGlobalIDString = 4B713AF4205FEB4300F16A10;
			remoteInfo = DoneList;
		};
		4B713B15205FEB4300F16A10 /* PBXContainerItemProxy */ = {
			isa = PBXContainerItemProxy;
			containerPortal = 4B713AED205FEB4300F16A10 /* Project object */;
			proxyType = 1;
			remoteGlobalIDString = 4B713AF4205FEB4300F16A10;
			remoteInfo = DoneList;
		};
/* End PBXContainerItemProxy section */

/* Begin PBXFileReference section */
		153EC55AFD10B2B00D2FAAC4 /* Pods_DoneListUITests.framework */ = {isa = PBXFileReference; explicitFileType = wrapper.framework; includeInIndex = 0; path = Pods_DoneListUITests.framework; sourceTree = BUILT_PRODUCTS_DIR; };
		21C41A817C1904C3E98ADB62 /* Pods-DoneListTests.release.xcconfig */ = {isa = PBXFileReference; includeInIndex = 1; lastKnownFileType = text.xcconfig; name = "Pods-DoneListTests.release.xcconfig"; path = "Pods/Target Support Files/Pods-DoneListTests/Pods-DoneListTests.release.xcconfig"; sourceTree = "<group>"; };
		41DA4BF23478C707BCD20206 /* Pods-DoneListUITests.debug.xcconfig */ = {isa = PBXFileReference; includeInIndex = 1; lastKnownFileType = text.xcconfig; name = "Pods-DoneListUITests.debug.xcconfig"; path = "Pods/Target Support Files/Pods-DoneListUITests/Pods-DoneListUITests.debug.xcconfig"; sourceTree = "<group>"; };
		4B136043206E7EB30050F496 /* DoneItemsRepository.swift */ = {isa = PBXFileReference; lastKnownFileType = sourcecode.swift; path = DoneItemsRepository.swift; sourceTree = "<group>"; };
		4B136045206E7EBD0050F496 /* DoneItemModel.swift */ = {isa = PBXFileReference; lastKnownFileType = sourcecode.swift; path = DoneItemModel.swift; sourceTree = "<group>"; };
		4B136048206E7F340050F496 /* DoneItemModelTests.swift */ = {isa = PBXFileReference; lastKnownFileType = sourcecode.swift; path = DoneItemModelTests.swift; sourceTree = "<group>"; };
		4B13604C206E82CA0050F496 /* DoneItemsRepositoryTests.swift */ = {isa = PBXFileReference; lastKnownFileType = sourcecode.swift; path = DoneItemsRepositoryTests.swift; sourceTree = "<group>"; };
		4B136051206E84160050F496 /* TestHelper.swift */ = {isa = PBXFileReference; lastKnownFileType = sourcecode.swift; path = TestHelper.swift; sourceTree = "<group>"; };
		4B136053206E8AAB0050F496 /* Logger.swift */ = {isa = PBXFileReference; lastKnownFileType = sourcecode.swift; path = Logger.swift; sourceTree = "<group>"; };
		4B4FE2572061CA0000A53813 /* Tracker.swift */ = {isa = PBXFileReference; lastKnownFileType = sourcecode.swift; path = Tracker.swift; sourceTree = "<group>"; };
		4B713AF5205FEB4300F16A10 /* DoneList.app */ = {isa = PBXFileReference; explicitFileType = wrapper.application; includeInIndex = 0; path = DoneList.app; sourceTree = BUILT_PRODUCTS_DIR; };
		4B713AF8205FEB4300F16A10 /* AppDelegate.swift */ = {isa = PBXFileReference; lastKnownFileType = sourcecode.swift; path = AppDelegate.swift; sourceTree = "<group>"; };
		4B713AFA205FEB4300F16A10 /* ViewController.swift */ = {isa = PBXFileReference; lastKnownFileType = sourcecode.swift; path = ViewController.swift; sourceTree = "<group>"; };
		4B713AFD205FEB4300F16A10 /* Base */ = {isa = PBXFileReference; lastKnownFileType = file.storyboard; name = Base; path = Base.lproj/Main.storyboard; sourceTree = "<group>"; };
		4B713AFF205FEB4300F16A10 /* Assets.xcassets */ = {isa = PBXFileReference; lastKnownFileType = folder.assetcatalog; path = Assets.xcassets; sourceTree = "<group>"; };
		4B713B02205FEB4300F16A10 /* Base */ = {isa = PBXFileReference; lastKnownFileType = file.storyboard; name = Base; path = Base.lproj/LaunchScreen.storyboard; sourceTree = "<group>"; };
		4B713B04205FEB4300F16A10 /* Info.plist */ = {isa = PBXFileReference; lastKnownFileType = text.plist.xml; path = Info.plist; sourceTree = "<group>"; };
		4B713B09205FEB4300F16A10 /* DoneListTests.xctest */ = {isa = PBXFileReference; explicitFileType = wrapper.cfbundle; includeInIndex = 0; path = DoneListTests.xctest; sourceTree = BUILT_PRODUCTS_DIR; };
		4B713B0F205FEB4300F16A10 /* Info.plist */ = {isa = PBXFileReference; lastKnownFileType = text.plist.xml; path = Info.plist; sourceTree = "<group>"; };
		4B713B14205FEB4300F16A10 /* DoneListUITests.xctest */ = {isa = PBXFileReference; explicitFileType = wrapper.cfbundle; includeInIndex = 0; path = DoneListUITests.xctest; sourceTree = BUILT_PRODUCTS_DIR; };
		4B713B18205FEB4300F16A10 /* DoneListUITests.swift */ = {isa = PBXFileReference; lastKnownFileType = sourcecode.swift; path = DoneListUITests.swift; sourceTree = "<group>"; };
		4B713B1A205FEB4300F16A10 /* Info.plist */ = {isa = PBXFileReference; lastKnownFileType = text.plist.xml; path = Info.plist; sourceTree = "<group>"; };
		6411EBA92EB968BCD6242481 /* Pods-DoneListTests.debug.xcconfig */ = {isa = PBXFileReference; includeInIndex = 1; lastKnownFileType = text.xcconfig; name = "Pods-DoneListTests.debug.xcconfig"; path = "Pods/Target Support Files/Pods-DoneListTests/Pods-DoneListTests.debug.xcconfig"; sourceTree = "<group>"; };
		6DCC0C63A83C2AC346BBB6C9 /* Pods_DoneList.framework */ = {isa = PBXFileReference; explicitFileType = wrapper.framework; includeInIndex = 0; path = Pods_DoneList.framework; sourceTree = BUILT_PRODUCTS_DIR; };
		8CB6B02D7E0FE7C7660DD542 /* Pods_DoneListTests.framework */ = {isa = PBXFileReference; explicitFileType = wrapper.framework; includeInIndex = 0; path = Pods_DoneListTests.framework; sourceTree = BUILT_PRODUCTS_DIR; };
		C295C2BD1431A4A63B79B1DB /* Pods-DoneList.debug.xcconfig */ = {isa = PBXFileReference; includeInIndex = 1; lastKnownFileType = text.xcconfig; name = "Pods-DoneList.debug.xcconfig"; path = "Pods/Target Support Files/Pods-DoneList/Pods-DoneList.debug.xcconfig"; sourceTree = "<group>"; };
		D8F2152794A8E36C61D26FAE /* Pods-DoneListUITests.release.xcconfig */ = {isa = PBXFileReference; includeInIndex = 1; lastKnownFileType = text.xcconfig; name = "Pods-DoneListUITests.release.xcconfig"; path = "Pods/Target Support Files/Pods-DoneListUITests/Pods-DoneListUITests.release.xcconfig"; sourceTree = "<group>"; };
		DCE44A0B197BFACAA3A3539E /* Pods-DoneList.release.xcconfig */ = {isa = PBXFileReference; includeInIndex = 1; lastKnownFileType = text.xcconfig; name = "Pods-DoneList.release.xcconfig"; path = "Pods/Target Support Files/Pods-DoneList/Pods-DoneList.release.xcconfig"; sourceTree = "<group>"; };
/* End PBXFileReference section */

/* Begin PBXFrameworksBuildPhase section */
		4B713AF2205FEB4300F16A10 /* Frameworks */ = {
			isa = PBXFrameworksBuildPhase;
			buildActionMask = 2147483647;
			files = (
				60F045D41CECD71428DF54F6 /* Pods_DoneList.framework in Frameworks */,
			);
			runOnlyForDeploymentPostprocessing = 0;
		};
		4B713B06205FEB4300F16A10 /* Frameworks */ = {
			isa = PBXFrameworksBuildPhase;
			buildActionMask = 2147483647;
			files = (
				5D6808B441A25B212F33FAD9 /* Pods_DoneListTests.framework in Frameworks */,
			);
			runOnlyForDeploymentPostprocessing = 0;
		};
		4B713B11205FEB4300F16A10 /* Frameworks */ = {
			isa = PBXFrameworksBuildPhase;
			buildActionMask = 2147483647;
			files = (
				ED361F090EE9017030952520 /* Pods_DoneListUITests.framework in Frameworks */,
			);
			runOnlyForDeploymentPostprocessing = 0;
		};
/* End PBXFrameworksBuildPhase section */

/* Begin PBXGroup section */
		2FE49305CE8F688A1C38E85D /* Pods */ = {
			isa = PBXGroup;
			children = (
				C295C2BD1431A4A63B79B1DB /* Pods-DoneList.debug.xcconfig */,
				DCE44A0B197BFACAA3A3539E /* Pods-DoneList.release.xcconfig */,
				6411EBA92EB968BCD6242481 /* Pods-DoneListTests.debug.xcconfig */,
				21C41A817C1904C3E98ADB62 /* Pods-DoneListTests.release.xcconfig */,
				41DA4BF23478C707BCD20206 /* Pods-DoneListUITests.debug.xcconfig */,
				D8F2152794A8E36C61D26FAE /* Pods-DoneListUITests.release.xcconfig */,
			);
			name = Pods;
			sourceTree = "<group>";
		};
		3DACCCD4C06FFC5A2A3F98A6 /* Frameworks */ = {
			isa = PBXGroup;
			children = (
				6DCC0C63A83C2AC346BBB6C9 /* Pods_DoneList.framework */,
				8CB6B02D7E0FE7C7660DD542 /* Pods_DoneListTests.framework */,
				153EC55AFD10B2B00D2FAAC4 /* Pods_DoneListUITests.framework */,
			);
			name = Frameworks;
			sourceTree = "<group>";
		};
		4B136042206E7E4D0050F496 /* Components */ = {
			isa = PBXGroup;
			children = (
				4B136043206E7EB30050F496 /* DoneItemsRepository.swift */,
				4B136045206E7EBD0050F496 /* DoneItemModel.swift */,
				4B136053206E8AAB0050F496 /* Logger.swift */,
			);
			path = Components;
			sourceTree = "<group>";
		};
		4B136047206E7F280050F496 /* Components */ = {
			isa = PBXGroup;
			children = (
				4B136048206E7F340050F496 /* DoneItemModelTests.swift */,
				4B13604C206E82CA0050F496 /* DoneItemsRepositoryTests.swift */,
			);
			path = Components;
			sourceTree = "<group>";
		};
		4B13604E206E83F70050F496 /* TestHelpers */ = {
			isa = PBXGroup;
			children = (
				4B136051206E84160050F496 /* TestHelper.swift */,
			);
			path = TestHelpers;
			sourceTree = "<group>";
		};
		4B713AEC205FEB4300F16A10 = {
			isa = PBXGroup;
			children = (
				4B713AF7205FEB4300F16A10 /* DoneList */,
				4B713B0C205FEB4300F16A10 /* DoneListTests */,
				4B713B17205FEB4300F16A10 /* DoneListUITests */,
				4B713AF6205FEB4300F16A10 /* Products */,
				2FE49305CE8F688A1C38E85D /* Pods */,
				3DACCCD4C06FFC5A2A3F98A6 /* Frameworks */,
			);
			sourceTree = "<group>";
		};
		4B713AF6205FEB4300F16A10 /* Products */ = {
			isa = PBXGroup;
			children = (
				4B713AF5205FEB4300F16A10 /* DoneList.app */,
				4B713B09205FEB4300F16A10 /* DoneListTests.xctest */,
				4B713B14205FEB4300F16A10 /* DoneListUITests.xctest */,
			);
			name = Products;
			sourceTree = "<group>";
		};
		4B713AF7205FEB4300F16A10 /* DoneList */ = {
			isa = PBXGroup;
			children = (
				4B136042206E7E4D0050F496 /* Components */,
				4B713AF8205FEB4300F16A10 /* AppDelegate.swift */,
				4B713AFA205FEB4300F16A10 /* ViewController.swift */,
				4B713AFC205FEB4300F16A10 /* Main.storyboard */,
				4B713AFF205FEB4300F16A10 /* Assets.xcassets */,
				4B713B01205FEB4300F16A10 /* LaunchScreen.storyboard */,
				4B713B04205FEB4300F16A10 /* Info.plist */,
				4B4FE2572061CA0000A53813 /* Tracker.swift */,
			);
			path = DoneList;
			sourceTree = "<group>";
		};
		4B713B0C205FEB4300F16A10 /* DoneListTests */ = {
			isa = PBXGroup;
			children = (
				4B13604E206E83F70050F496 /* TestHelpers */,
				4B136047206E7F280050F496 /* Components */,
				4B713B0F205FEB4300F16A10 /* Info.plist */,
			);
			path = DoneListTests;
			sourceTree = "<group>";
		};
		4B713B17205FEB4300F16A10 /* DoneListUITests */ = {
			isa = PBXGroup;
			children = (
				4B713B18205FEB4300F16A10 /* DoneListUITests.swift */,
				4B713B1A205FEB4300F16A10 /* Info.plist */,
			);
			path = DoneListUITests;
			sourceTree = "<group>";
		};
/* End PBXGroup section */

/* Begin PBXNativeTarget section */
		4B713AF4205FEB4300F16A10 /* DoneList */ = {
			isa = PBXNativeTarget;
			buildConfigurationList = 4B713B1D205FEB4300F16A10 /* Build configuration list for PBXNativeTarget "DoneList" */;
			buildPhases = (
				4537B89B71D7F1D0FF1E52F0 /* [CP] Check Pods Manifest.lock */,
				4B713AF1205FEB4300F16A10 /* Sources */,
				4B713AF2205FEB4300F16A10 /* Frameworks */,
				4B713AF3205FEB4300F16A10 /* Resources */,
				5B7064F7F6F35E63D90DEBF0 /* [CP] Embed Pods Frameworks */,
				A92C5DE341CC023BE7B8ABC0 /* [CP] Copy Pods Resources */,
				4B4FE2562061C9C100A53813 /* Fabric */,
			);
			buildRules = (
			);
			dependencies = (
			);
			name = DoneList;
			productName = DoneList;
			productReference = 4B713AF5205FEB4300F16A10 /* DoneList.app */;
			productType = "com.apple.product-type.application";
		};
		4B713B08205FEB4300F16A10 /* DoneListTests */ = {
			isa = PBXNativeTarget;
			buildConfigurationList = 4B713B20205FEB4300F16A10 /* Build configuration list for PBXNativeTarget "DoneListTests" */;
			buildPhases = (
				A2DD9F44B3E4B7BD55386E50 /* [CP] Check Pods Manifest.lock */,
				4B713B05205FEB4300F16A10 /* Sources */,
				4B713B06205FEB4300F16A10 /* Frameworks */,
				4B713B07205FEB4300F16A10 /* Resources */,
				C9EDFF80836E71B14357E252 /* [CP] Embed Pods Frameworks */,
				0A4CB28903C23562CFB98784 /* [CP] Copy Pods Resources */,
			);
			buildRules = (
			);
			dependencies = (
				4B713B0B205FEB4300F16A10 /* PBXTargetDependency */,
			);
			name = DoneListTests;
			productName = DoneListTests;
			productReference = 4B713B09205FEB4300F16A10 /* DoneListTests.xctest */;
			productType = "com.apple.product-type.bundle.unit-test";
		};
		4B713B13205FEB4300F16A10 /* DoneListUITests */ = {
			isa = PBXNativeTarget;
			buildConfigurationList = 4B713B23205FEB4300F16A10 /* Build configuration list for PBXNativeTarget "DoneListUITests" */;
			buildPhases = (
				56ACED29140E611D712BEF2F /* [CP] Check Pods Manifest.lock */,
				4B713B10205FEB4300F16A10 /* Sources */,
				4B713B11205FEB4300F16A10 /* Frameworks */,
				4B713B12205FEB4300F16A10 /* Resources */,
				F9F0DBF6929CAB6BC99EAE81 /* [CP] Embed Pods Frameworks */,
				03D4B644498325ED458D1D45 /* [CP] Copy Pods Resources */,
			);
			buildRules = (
			);
			dependencies = (
				4B713B16205FEB4300F16A10 /* PBXTargetDependency */,
			);
			name = DoneListUITests;
			productName = DoneListUITests;
			productReference = 4B713B14205FEB4300F16A10 /* DoneListUITests.xctest */;
			productType = "com.apple.product-type.bundle.ui-testing";
		};
/* End PBXNativeTarget section */

/* Begin PBXProject section */
		4B713AED205FEB4300F16A10 /* Project object */ = {
			isa = PBXProject;
			attributes = {
				LastSwiftUpdateCheck = 0920;
				LastUpgradeCheck = 0920;
				ORGANIZATIONNAME = "Khanh Pham";
				TargetAttributes = {
					4B713AF4205FEB4300F16A10 = {
						CreatedOnToolsVersion = 9.2;
						ProvisioningStyle = Automatic;
					};
					4B713B08205FEB4300F16A10 = {
						CreatedOnToolsVersion = 9.2;
						ProvisioningStyle = Automatic;
						TestTargetID = 4B713AF4205FEB4300F16A10;
					};
					4B713B13205FEB4300F16A10 = {
						CreatedOnToolsVersion = 9.2;
						ProvisioningStyle = Automatic;
						TestTargetID = 4B713AF4205FEB4300F16A10;
					};
				};
			};
			buildConfigurationList = 4B713AF0205FEB4300F16A10 /* Build configuration list for PBXProject "DoneList" */;
			compatibilityVersion = "Xcode 8.0";
			developmentRegion = en;
			hasScannedForEncodings = 0;
			knownRegions = (
				en,
				Base,
			);
			mainGroup = 4B713AEC205FEB4300F16A10;
			productRefGroup = 4B713AF6205FEB4300F16A10 /* Products */;
			projectDirPath = "";
			projectRoot = "";
			targets = (
				4B713AF4205FEB4300F16A10 /* DoneList */,
				4B713B08205FEB4300F16A10 /* DoneListTests */,
				4B713B13205FEB4300F16A10 /* DoneListUITests */,
			);
		};
/* End PBXProject section */

/* Begin PBXResourcesBuildPhase section */
		4B713AF3205FEB4300F16A10 /* Resources */ = {
			isa = PBXResourcesBuildPhase;
			buildActionMask = 2147483647;
			files = (
				4B713B03205FEB4300F16A10 /* LaunchScreen.storyboard in Resources */,
				4B713B00205FEB4300F16A10 /* Assets.xcassets in Resources */,
				4B713AFE205FEB4300F16A10 /* Main.storyboard in Resources */,
			);
			runOnlyForDeploymentPostprocessing = 0;
		};
		4B713B07205FEB4300F16A10 /* Resources */ = {
			isa = PBXResourcesBuildPhase;
			buildActionMask = 2147483647;
			files = (
			);
			runOnlyForDeploymentPostprocessing = 0;
		};
		4B713B12205FEB4300F16A10 /* Resources */ = {
			isa = PBXResourcesBuildPhase;
			buildActionMask = 2147483647;
			files = (
			);
			runOnlyForDeploymentPostprocessing = 0;
		};
/* End PBXResourcesBuildPhase section */

/* Begin PBXShellScriptBuildPhase section */
		03D4B644498325ED458D1D45 /* [CP] Copy Pods Resources */ = {
			isa = PBXShellScriptBuildPhase;
			buildActionMask = 2147483647;
			files = (
			);
			inputPaths = (
			);
			name = "[CP] Copy Pods Resources";
			outputPaths = (
			);
			runOnlyForDeploymentPostprocessing = 0;
			shellPath = /bin/sh;
			shellScript = "\"${SRCROOT}/Pods/Target Support Files/Pods-DoneListUITests/Pods-DoneListUITests-resources.sh\"\n";
			showEnvVarsInLog = 0;
		};
		0A4CB28903C23562CFB98784 /* [CP] Copy Pods Resources */ = {
			isa = PBXShellScriptBuildPhase;
			buildActionMask = 2147483647;
			files = (
			);
			inputPaths = (
			);
			name = "[CP] Copy Pods Resources";
			outputPaths = (
			);
			runOnlyForDeploymentPostprocessing = 0;
			shellPath = /bin/sh;
			shellScript = "\"${SRCROOT}/Pods/Target Support Files/Pods-DoneListTests/Pods-DoneListTests-resources.sh\"\n";
			showEnvVarsInLog = 0;
		};
		4537B89B71D7F1D0FF1E52F0 /* [CP] Check Pods Manifest.lock */ = {
			isa = PBXShellScriptBuildPhase;
			buildActionMask = 2147483647;
			files = (
			);
			inputPaths = (
				"${PODS_PODFILE_DIR_PATH}/Podfile.lock",
				"${PODS_ROOT}/Manifest.lock",
			);
			name = "[CP] Check Pods Manifest.lock";
			outputPaths = (
				"$(DERIVED_FILE_DIR)/Pods-DoneList-checkManifestLockResult.txt",
			);
			runOnlyForDeploymentPostprocessing = 0;
			shellPath = /bin/sh;
			shellScript = "diff \"${PODS_PODFILE_DIR_PATH}/Podfile.lock\" \"${PODS_ROOT}/Manifest.lock\" > /dev/null\nif [ $? != 0 ] ; then\n    # print error to STDERR\n    echo \"error: The sandbox is not in sync with the Podfile.lock. Run 'pod install' or update your CocoaPods installation.\" >&2\n    exit 1\nfi\n# This output is used by Xcode 'outputs' to avoid re-running this script phase.\necho \"SUCCESS\" > \"${SCRIPT_OUTPUT_FILE_0}\"\n";
			showEnvVarsInLog = 0;
		};
		4B4FE2562061C9C100A53813 /* Fabric */ = {
			isa = PBXShellScriptBuildPhase;
			buildActionMask = 2147483647;
			files = (
			);
			inputPaths = (
			);
			name = Fabric;
			outputPaths = (
			);
			runOnlyForDeploymentPostprocessing = 0;
			shellPath = /bin/sh;
			shellScript = "\"${PODS_ROOT}/Fabric/run\" 7781ee6611aa6f4c27efa9892298c3abc444a840 b12909eeb1f7743a722fdf2cab7692c9a59854c7246e1ec53ab7999e95172477";
		};
		56ACED29140E611D712BEF2F /* [CP] Check Pods Manifest.lock */ = {
			isa = PBXShellScriptBuildPhase;
			buildActionMask = 2147483647;
			files = (
			);
			inputPaths = (
				"${PODS_PODFILE_DIR_PATH}/Podfile.lock",
				"${PODS_ROOT}/Manifest.lock",
			);
			name = "[CP] Check Pods Manifest.lock";
			outputPaths = (
				"$(DERIVED_FILE_DIR)/Pods-DoneListUITests-checkManifestLockResult.txt",
			);
			runOnlyForDeploymentPostprocessing = 0;
			shellPath = /bin/sh;
			shellScript = "diff \"${PODS_PODFILE_DIR_PATH}/Podfile.lock\" \"${PODS_ROOT}/Manifest.lock\" > /dev/null\nif [ $? != 0 ] ; then\n    # print error to STDERR\n    echo \"error: The sandbox is not in sync with the Podfile.lock. Run 'pod install' or update your CocoaPods installation.\" >&2\n    exit 1\nfi\n# This output is used by Xcode 'outputs' to avoid re-running this script phase.\necho \"SUCCESS\" > \"${SCRIPT_OUTPUT_FILE_0}\"\n";
			showEnvVarsInLog = 0;
		};
		5B7064F7F6F35E63D90DEBF0 /* [CP] Embed Pods Frameworks */ = {
			isa = PBXShellScriptBuildPhase;
			buildActionMask = 2147483647;
			files = (
			);
			inputPaths = (
				"${SRCROOT}/Pods/Target Support Files/Pods-DoneList/Pods-DoneList-frameworks.sh",
				"${BUILT_PRODUCTS_DIR}/CocoaLumberjack/CocoaLumberjack.framework",
				"${BUILT_PRODUCTS_DIR}/Differentiator/Differentiator.framework",
				"${BUILT_PRODUCTS_DIR}/RxCocoa/RxCocoa.framework",
				"${BUILT_PRODUCTS_DIR}/RxDataSources/RxDataSources.framework",
				"${BUILT_PRODUCTS_DIR}/RxSwift/RxSwift.framework",
			);
			name = "[CP] Embed Pods Frameworks";
			outputPaths = (
				"${TARGET_BUILD_DIR}/${FRAMEWORKS_FOLDER_PATH}/CocoaLumberjack.framework",
				"${TARGET_BUILD_DIR}/${FRAMEWORKS_FOLDER_PATH}/Differentiator.framework",
				"${TARGET_BUILD_DIR}/${FRAMEWORKS_FOLDER_PATH}/RxCocoa.framework",
				"${TARGET_BUILD_DIR}/${FRAMEWORKS_FOLDER_PATH}/RxDataSources.framework",
				"${TARGET_BUILD_DIR}/${FRAMEWORKS_FOLDER_PATH}/RxSwift.framework",
			);
			runOnlyForDeploymentPostprocessing = 0;
			shellPath = /bin/sh;
			shellScript = "\"${SRCROOT}/Pods/Target Support Files/Pods-DoneList/Pods-DoneList-frameworks.sh\"\n";
			showEnvVarsInLog = 0;
		};
		A2DD9F44B3E4B7BD55386E50 /* [CP] Check Pods Manifest.lock */ = {
			isa = PBXShellScriptBuildPhase;
			buildActionMask = 2147483647;
			files = (
			);
			inputPaths = (
				"${PODS_PODFILE_DIR_PATH}/Podfile.lock",
				"${PODS_ROOT}/Manifest.lock",
			);
			name = "[CP] Check Pods Manifest.lock";
			outputPaths = (
				"$(DERIVED_FILE_DIR)/Pods-DoneListTests-checkManifestLockResult.txt",
			);
			runOnlyForDeploymentPostprocessing = 0;
			shellPath = /bin/sh;
			shellScript = "diff \"${PODS_PODFILE_DIR_PATH}/Podfile.lock\" \"${PODS_ROOT}/Manifest.lock\" > /dev/null\nif [ $? != 0 ] ; then\n    # print error to STDERR\n    echo \"error: The sandbox is not in sync with the Podfile.lock. Run 'pod install' or update your CocoaPods installation.\" >&2\n    exit 1\nfi\n# This output is used by Xcode 'outputs' to avoid re-running this script phase.\necho \"SUCCESS\" > \"${SCRIPT_OUTPUT_FILE_0}\"\n";
			showEnvVarsInLog = 0;
		};
		A92C5DE341CC023BE7B8ABC0 /* [CP] Copy Pods Resources */ = {
			isa = PBXShellScriptBuildPhase;
			buildActionMask = 2147483647;
			files = (
			);
			inputPaths = (
			);
			name = "[CP] Copy Pods Resources";
			outputPaths = (
			);
			runOnlyForDeploymentPostprocessing = 0;
			shellPath = /bin/sh;
			shellScript = "\"${SRCROOT}/Pods/Target Support Files/Pods-DoneList/Pods-DoneList-resources.sh\"\n";
			showEnvVarsInLog = 0;
		};
		C9EDFF80836E71B14357E252 /* [CP] Embed Pods Frameworks */ = {
			isa = PBXShellScriptBuildPhase;
			buildActionMask = 2147483647;
			files = (
			);
			inputPaths = (
				"${SRCROOT}/Pods/Target Support Files/Pods-DoneListTests/Pods-DoneListTests-frameworks.sh",
				"${BUILT_PRODUCTS_DIR}/RxSwift/RxSwift.framework",
				"${BUILT_PRODUCTS_DIR}/Nimble/Nimble.framework",
				"${BUILT_PRODUCTS_DIR}/RxBlocking/RxBlocking.framework",
				"${BUILT_PRODUCTS_DIR}/RxTest/RxTest.framework",
			);
			name = "[CP] Embed Pods Frameworks";
			outputPaths = (
				"${TARGET_BUILD_DIR}/${FRAMEWORKS_FOLDER_PATH}/RxSwift.framework",
				"${TARGET_BUILD_DIR}/${FRAMEWORKS_FOLDER_PATH}/Nimble.framework",
				"${TARGET_BUILD_DIR}/${FRAMEWORKS_FOLDER_PATH}/RxBlocking.framework",
				"${TARGET_BUILD_DIR}/${FRAMEWORKS_FOLDER_PATH}/RxTest.framework",
			);
			runOnlyForDeploymentPostprocessing = 0;
			shellPath = /bin/sh;
			shellScript = "\"${SRCROOT}/Pods/Target Support Files/Pods-DoneListTests/Pods-DoneListTests-frameworks.sh\"\n";
			showEnvVarsInLog = 0;
		};
		F9F0DBF6929CAB6BC99EAE81 /* [CP] Embed Pods Frameworks */ = {
			isa = PBXShellScriptBuildPhase;
			buildActionMask = 2147483647;
			files = (
			);
			inputPaths = (
			);
			name = "[CP] Embed Pods Frameworks";
			outputPaths = (
			);
			runOnlyForDeploymentPostprocessing = 0;
			shellPath = /bin/sh;
			shellScript = "\"${SRCROOT}/Pods/Target Support Files/Pods-DoneListUITests/Pods-DoneListUITests-frameworks.sh\"\n";
			showEnvVarsInLog = 0;
		};
/* End PBXShellScriptBuildPhase section */

/* Begin PBXSourcesBuildPhase section */
		4B713AF1205FEB4300F16A10 /* Sources */ = {
			isa = PBXSourcesBuildPhase;
			buildActionMask = 2147483647;
			files = (
				4B136044206E7EB30050F496 /* DoneItemsRepository.swift in Sources */,
				4B136054206E8AAB0050F496 /* Logger.swift in Sources */,
				4B136046206E7EBD0050F496 /* DoneItemModel.swift in Sources */,
				4B4FE2582061CA0000A53813 /* Tracker.swift in Sources */,
				4B713AFB205FEB4300F16A10 /* ViewController.swift in Sources */,
				4B713AF9205FEB4300F16A10 /* AppDelegate.swift in Sources */,
			);
			runOnlyForDeploymentPostprocessing = 0;
		};
		4B713B05205FEB4300F16A10 /* Sources */ = {
			isa = PBXSourcesBuildPhase;
			buildActionMask = 2147483647;
			files = (
				4B13604D206E82CA0050F496 /* DoneItemsRepositoryTests.swift in Sources */,
				4B136049206E7F340050F496 /* DoneItemModelTests.swift in Sources */,
				4B136052206E84160050F496 /* TestHelper.swift in Sources */,
			);
			runOnlyForDeploymentPostprocessing = 0;
		};
		4B713B10205FEB4300F16A10 /* Sources */ = {
			isa = PBXSourcesBuildPhase;
			buildActionMask = 2147483647;
			files = (
				4B713B19205FEB4300F16A10 /* DoneListUITests.swift in Sources */,
			);
			runOnlyForDeploymentPostprocessing = 0;
		};
/* End PBXSourcesBuildPhase section */

/* Begin PBXTargetDependency section */
		4B713B0B205FEB4300F16A10 /* PBXTargetDependency */ = {
			isa = PBXTargetDependency;
			target = 4B713AF4205FEB4300F16A10 /* DoneList */;
			targetProxy = 4B713B0A205FEB4300F16A10 /* PBXContainerItemProxy */;
		};
		4B713B16205FEB4300F16A10 /* PBXTargetDependency */ = {
			isa = PBXTargetDependency;
			target = 4B713AF4205FEB4300F16A10 /* DoneList */;
			targetProxy = 4B713B15205FEB4300F16A10 /* PBXContainerItemProxy */;
		};
/* End PBXTargetDependency section */

/* Begin PBXVariantGroup section */
		4B713AFC205FEB4300F16A10 /* Main.storyboard */ = {
			isa = PBXVariantGroup;
			children = (
				4B713AFD205FEB4300F16A10 /* Base */,
			);
			name = Main.storyboard;
			sourceTree = "<group>";
		};
		4B713B01205FEB4300F16A10 /* LaunchScreen.storyboard */ = {
			isa = PBXVariantGroup;
			children = (
				4B713B02205FEB4300F16A10 /* Base */,
			);
			name = LaunchScreen.storyboard;
			sourceTree = "<group>";
		};
/* End PBXVariantGroup section */

/* Begin XCBuildConfiguration section */
		4B713B1B205FEB4300F16A10 /* Debug */ = {
			isa = XCBuildConfiguration;
			buildSettings = {
				ALWAYS_SEARCH_USER_PATHS = NO;
				CLANG_ANALYZER_NONNULL = YES;
				CLANG_ANALYZER_NUMBER_OBJECT_CONVERSION = YES_AGGRESSIVE;
				CLANG_CXX_LANGUAGE_STANDARD = "gnu++14";
				CLANG_CXX_LIBRARY = "libc++";
				CLANG_ENABLE_MODULES = YES;
				CLANG_ENABLE_OBJC_ARC = YES;
				CLANG_WARN_BLOCK_CAPTURE_AUTORELEASING = YES;
				CLANG_WARN_BOOL_CONVERSION = YES;
				CLANG_WARN_COMMA = YES;
				CLANG_WARN_CONSTANT_CONVERSION = YES;
				CLANG_WARN_DIRECT_OBJC_ISA_USAGE = YES_ERROR;
				CLANG_WARN_DOCUMENTATION_COMMENTS = YES;
				CLANG_WARN_EMPTY_BODY = YES;
				CLANG_WARN_ENUM_CONVERSION = YES;
				CLANG_WARN_INFINITE_RECURSION = YES;
				CLANG_WARN_INT_CONVERSION = YES;
				CLANG_WARN_NON_LITERAL_NULL_CONVERSION = YES;
				CLANG_WARN_OBJC_LITERAL_CONVERSION = YES;
				CLANG_WARN_OBJC_ROOT_CLASS = YES_ERROR;
				CLANG_WARN_RANGE_LOOP_ANALYSIS = YES;
				CLANG_WARN_STRICT_PROTOTYPES = YES;
				CLANG_WARN_SUSPICIOUS_MOVE = YES;
				CLANG_WARN_UNGUARDED_AVAILABILITY = YES_AGGRESSIVE;
				CLANG_WARN_UNREACHABLE_CODE = YES;
				CLANG_WARN__DUPLICATE_METHOD_MATCH = YES;
				CODE_SIGN_IDENTITY = "iPhone Developer";
				COPY_PHASE_STRIP = NO;
				DEBUG_INFORMATION_FORMAT = dwarf;
				ENABLE_STRICT_OBJC_MSGSEND = YES;
				ENABLE_TESTABILITY = YES;
				GCC_C_LANGUAGE_STANDARD = gnu11;
				GCC_DYNAMIC_NO_PIC = NO;
				GCC_NO_COMMON_BLOCKS = YES;
				GCC_OPTIMIZATION_LEVEL = 0;
				GCC_PREPROCESSOR_DEFINITIONS = (
					"DEBUG=1",
					"$(inherited)",
				);
				GCC_WARN_64_TO_32_BIT_CONVERSION = YES;
				GCC_WARN_ABOUT_RETURN_TYPE = YES_ERROR;
				GCC_WARN_UNDECLARED_SELECTOR = YES;
				GCC_WARN_UNINITIALIZED_AUTOS = YES_AGGRESSIVE;
				GCC_WARN_UNUSED_FUNCTION = YES;
				GCC_WARN_UNUSED_VARIABLE = YES;
				IPHONEOS_DEPLOYMENT_TARGET = 10.0;
				MTL_ENABLE_DEBUG_INFO = YES;
				ONLY_ACTIVE_ARCH = YES;
				SDKROOT = iphoneos;
				SWIFT_ACTIVE_COMPILATION_CONDITIONS = DEBUG;
				SWIFT_OPTIMIZATION_LEVEL = "-Onone";
			};
			name = Debug;
		};
		4B713B1C205FEB4300F16A10 /* Release */ = {
			isa = XCBuildConfiguration;
			buildSettings = {
				ALWAYS_SEARCH_USER_PATHS = NO;
				CLANG_ANALYZER_NONNULL = YES;
				CLANG_ANALYZER_NUMBER_OBJECT_CONVERSION = YES_AGGRESSIVE;
				CLANG_CXX_LANGUAGE_STANDARD = "gnu++14";
				CLANG_CXX_LIBRARY = "libc++";
				CLANG_ENABLE_MODULES = YES;
				CLANG_ENABLE_OBJC_ARC = YES;
				CLANG_WARN_BLOCK_CAPTURE_AUTORELEASING = YES;
				CLANG_WARN_BOOL_CONVERSION = YES;
				CLANG_WARN_COMMA = YES;
				CLANG_WARN_CONSTANT_CONVERSION = YES;
				CLANG_WARN_DIRECT_OBJC_ISA_USAGE = YES_ERROR;
				CLANG_WARN_DOCUMENTATION_COMMENTS = YES;
				CLANG_WARN_EMPTY_BODY = YES;
				CLANG_WARN_ENUM_CONVERSION = YES;
				CLANG_WARN_INFINITE_RECURSION = YES;
				CLANG_WARN_INT_CONVERSION = YES;
				CLANG_WARN_NON_LITERAL_NULL_CONVERSION = YES;
				CLANG_WARN_OBJC_LITERAL_CONVERSION = YES;
				CLANG_WARN_OBJC_ROOT_CLASS = YES_ERROR;
				CLANG_WARN_RANGE_LOOP_ANALYSIS = YES;
				CLANG_WARN_STRICT_PROTOTYPES = YES;
				CLANG_WARN_SUSPICIOUS_MOVE = YES;
				CLANG_WARN_UNGUARDED_AVAILABILITY = YES_AGGRESSIVE;
				CLANG_WARN_UNREACHABLE_CODE = YES;
				CLANG_WARN__DUPLICATE_METHOD_MATCH = YES;
				CODE_SIGN_IDENTITY = "iPhone Developer";
				COPY_PHASE_STRIP = NO;
				DEBUG_INFORMATION_FORMAT = "dwarf-with-dsym";
				ENABLE_NS_ASSERTIONS = NO;
				ENABLE_STRICT_OBJC_MSGSEND = YES;
				GCC_C_LANGUAGE_STANDARD = gnu11;
				GCC_NO_COMMON_BLOCKS = YES;
				GCC_WARN_64_TO_32_BIT_CONVERSION = YES;
				GCC_WARN_ABOUT_RETURN_TYPE = YES_ERROR;
				GCC_WARN_UNDECLARED_SELECTOR = YES;
				GCC_WARN_UNINITIALIZED_AUTOS = YES_AGGRESSIVE;
				GCC_WARN_UNUSED_FUNCTION = YES;
				GCC_WARN_UNUSED_VARIABLE = YES;
				IPHONEOS_DEPLOYMENT_TARGET = 10.0;
				MTL_ENABLE_DEBUG_INFO = NO;
				SDKROOT = iphoneos;
				SWIFT_OPTIMIZATION_LEVEL = "-Owholemodule";
				VALIDATE_PRODUCT = YES;
			};
			name = Release;
		};
		4B713B1E205FEB4300F16A10 /* Debug */ = {
			isa = XCBuildConfiguration;
			baseConfigurationReference = C295C2BD1431A4A63B79B1DB /* Pods-DoneList.debug.xcconfig */;
			buildSettings = {
				ASSETCATALOG_COMPILER_APPICON_NAME = AppIcon;
				CODE_SIGN_STYLE = Automatic;
				DEVELOPMENT_TEAM = 28B4UGC4GQ;
				INFOPLIST_FILE = DoneList/Info.plist;
				IPHONEOS_DEPLOYMENT_TARGET = 9.0;
				LD_RUNPATH_SEARCH_PATHS = "$(inherited) @executable_path/Frameworks";
				PRODUCT_BUNDLE_IDENTIFIER = com.khanhpham.DoneList;
				PRODUCT_NAME = "$(TARGET_NAME)";
				SWIFT_VERSION = 4.0;
				TARGETED_DEVICE_FAMILY = "1,2";
			};
			name = Debug;
		};
		4B713B1F205FEB4300F16A10 /* Release */ = {
			isa = XCBuildConfiguration;
			baseConfigurationReference = DCE44A0B197BFACAA3A3539E /* Pods-DoneList.release.xcconfig */;
			buildSettings = {
				ASSETCATALOG_COMPILER_APPICON_NAME = AppIcon;
				CODE_SIGN_STYLE = Automatic;
				DEVELOPMENT_TEAM = 28B4UGC4GQ;
				INFOPLIST_FILE = DoneList/Info.plist;
				IPHONEOS_DEPLOYMENT_TARGET = 9.0;
				LD_RUNPATH_SEARCH_PATHS = "$(inherited) @executable_path/Frameworks";
				PRODUCT_BUNDLE_IDENTIFIER = com.khanhpham.DoneList;
				PRODUCT_NAME = "$(TARGET_NAME)";
				SWIFT_VERSION = 4.0;
				TARGETED_DEVICE_FAMILY = "1,2";
			};
			name = Release;
		};
		4B713B21205FEB4300F16A10 /* Debug */ = {
			isa = XCBuildConfiguration;
			baseConfigurationReference = 6411EBA92EB968BCD6242481 /* Pods-DoneListTests.debug.xcconfig */;
			buildSettings = {
				ALWAYS_EMBED_SWIFT_STANDARD_LIBRARIES = "${(nherited)";
				BUNDLE_LOADER = "$(TEST_HOST)";
				CODE_SIGN_STYLE = Automatic;
				DEVELOPMENT_TEAM = 28B4UGC4GQ;
				INFOPLIST_FILE = DoneListTests/Info.plist;
				LD_RUNPATH_SEARCH_PATHS = "$(inherited) @executable_path/Frameworks @loader_path/Frameworks";
				PRODUCT_BUNDLE_IDENTIFIER = com.khanhpham.DoneListTests;
				PRODUCT_NAME = "$(TARGET_NAME)";
				SWIFT_VERSION = 4.0;
				TARGETED_DEVICE_FAMILY = "1,2";
				TEST_HOST = "$(BUILT_PRODUCTS_DIR)/DoneList.app/DoneList";
			};
			name = Debug;
		};
		4B713B22205FEB4300F16A10 /* Release */ = {
			isa = XCBuildConfiguration;
			baseConfigurationReference = 21C41A817C1904C3E98ADB62 /* Pods-DoneListTests.release.xcconfig */;
			buildSettings = {
				ALWAYS_EMBED_SWIFT_STANDARD_LIBRARIES = "${(nherited)";
				BUNDLE_LOADER = "$(TEST_HOST)";
				CODE_SIGN_STYLE = Automatic;
				DEVELOPMENT_TEAM = 28B4UGC4GQ;
				INFOPLIST_FILE = DoneListTests/Info.plist;
				LD_RUNPATH_SEARCH_PATHS = "$(inherited) @executable_path/Frameworks @loader_path/Frameworks";
				PRODUCT_BUNDLE_IDENTIFIER = com.khanhpham.DoneListTests;
				PRODUCT_NAME = "$(TARGET_NAME)";
				SWIFT_VERSION = 4.0;
				TARGETED_DEVICE_FAMILY = "1,2";
				TEST_HOST = "$(BUILT_PRODUCTS_DIR)/DoneList.app/DoneList";
			};
			name = Release;
		};
		4B713B24205FEB4300F16A10 /* Debug */ = {
			isa = XCBuildConfiguration;
			baseConfigurationReference = 41DA4BF23478C707BCD20206 /* Pods-DoneListUITests.debug.xcconfig */;
			buildSettings = {
				ALWAYS_EMBED_SWIFT_STANDARD_LIBRARIES = "$(inherited)";
				CODE_SIGN_STYLE = Automatic;
				DEVELOPMENT_TEAM = 28B4UGC4GQ;
				INFOPLIST_FILE = DoneListUITests/Info.plist;
				LD_RUNPATH_SEARCH_PATHS = "$(inherited) @executable_path/Frameworks @loader_path/Frameworks";
				PRODUCT_BUNDLE_IDENTIFIER = com.khanhpham.DoneListUITests;
				PRODUCT_NAME = "$(TARGET_NAME)";
				SWIFT_VERSION = 4.0;
				TARGETED_DEVICE_FAMILY = "1,2";
				TEST_TARGET_NAME = DoneList;
			};
			name = Debug;
		};
		4B713B25205FEB4300F16A10 /* Release */ = {
			isa = XCBuildConfiguration;
			baseConfigurationReference = D8F2152794A8E36C61D26FAE /* Pods-DoneListUITests.release.xcconfig */;
			buildSettings = {
				ALWAYS_EMBED_SWIFT_STANDARD_LIBRARIES = "$(inherited)";
				CODE_SIGN_STYLE = Automatic;
				DEVELOPMENT_TEAM = 28B4UGC4GQ;
				INFOPLIST_FILE = DoneListUITests/Info.plist;
				LD_RUNPATH_SEARCH_PATHS = "$(inherited) @executable_path/Frameworks @loader_path/Frameworks";
				PRODUCT_BUNDLE_IDENTIFIER = com.khanhpham.DoneListUITests;
				PRODUCT_NAME = "$(TARGET_NAME)";
				SWIFT_VERSION = 4.0;
				TARGETED_DEVICE_FAMILY = "1,2";
				TEST_TARGET_NAME = DoneList;
			};
			name = Release;
		};
/* End XCBuildConfiguration section */

/* Begin XCConfigurationList section */
		4B713AF0205FEB4300F16A10 /* Build configuration list for PBXProject "DoneList" */ = {
			isa = XCConfigurationList;
			buildConfigurations = (
				4B713B1B205FEB4300F16A10 /* Debug */,
				4B713B1C205FEB4300F16A10 /* Release */,
			);
			defaultConfigurationIsVisible = 0;
			defaultConfigurationName = Release;
		};
		4B713B1D205FEB4300F16A10 /* Build configuration list for PBXNativeTarget "DoneList" */ = {
			isa = XCConfigurationList;
			buildConfigurations = (
				4B713B1E205FEB4300F16A10 /* Debug */,
				4B713B1F205FEB4300F16A10 /* Release */,
			);
			defaultConfigurationIsVisible = 0;
			defaultConfigurationName = Release;
		};
		4B713B20205FEB4300F16A10 /* Build configuration list for PBXNativeTarget "DoneListTests" */ = {
			isa = XCConfigurationList;
			buildConfigurations = (
				4B713B21205FEB4300F16A10 /* Debug */,
				4B713B22205FEB4300F16A10 /* Release */,
			);
			defaultConfigurationIsVisible = 0;
			defaultConfigurationName = Release;
		};
		4B713B23205FEB4300F16A10 /* Build configuration list for PBXNativeTarget "DoneListUITests" */ = {
			isa = XCConfigurationList;
			buildConfigurations = (
				4B713B24205FEB4300F16A10 /* Debug */,
				4B713B25205FEB4300F16A10 /* Release */,
			);
			defaultConfigurationIsVisible = 0;
			defaultConfigurationName = Release;
		};
/* End XCConfigurationList section */
	};
	rootObject = 4B713AED205FEB4300F16A10 /* Project object */;
}
